<?xml version="1.0" encoding="utf-8"?>
<Project ToolsVersion="4.0" xmlns="http://schemas.microsoft.com/developer/msbuild/2003">
  <ItemGroup>
    <Filter Include="App">
      <UniqueIdentifier>{04caef1a-7a76-4aac-b808-9657e19d4ec2}</UniqueIdentifier>
    </Filter>
    <Filter Include="Engine">
      <UniqueIdentifier>{88956bea-9a9e-428d-a974-4bcbe2c46c89}</UniqueIdentifier>
    </Filter>
    <Filter Include="Engine\WindowSystem">
      <UniqueIdentifier>{ed1e688d-8465-4f04-a6ec-c4085a2664a7}</UniqueIdentifier>
    </Filter>
    <Filter Include="Engine\GraphicsEngine">
      <UniqueIdentifier>{51d94f20-6d3c-42af-a7ea-c56405728b67}</UniqueIdentifier>
    </Filter>
    <Filter Include="Engine\GraphicsEngine\DeviceContext">
      <UniqueIdentifier>{b37a6905-44d1-4274-a95c-d6ab2851d925}</UniqueIdentifier>
    </Filter>
    <Filter Include="Engine\GraphicsEngine\VertexBuffer">
      <UniqueIdentifier>{1a66eda1-b58b-4af9-a8ff-6a77f7755e9d}</UniqueIdentifier>
    </Filter>
    <Filter Include="Structs">
      <UniqueIdentifier>{2eed9932-5c41-4354-8615-9c66d5307a78}</UniqueIdentifier>
    </Filter>
  </ItemGroup>
  <ItemGroup>
    <ClCompile Include="main.cpp">
      <Filter>App</Filter>
    </ClCompile>
    <ClCompile Include="AppWindow.cpp">
      <Filter>App</Filter>
    </ClCompile>
    <ClCompile Include="Window.cpp">
      <Filter>Engine\WindowSystem</Filter>
    </ClCompile>
    <ClCompile Include="GraphicsEngine.cpp">
      <Filter>Engine\GraphicsEngine</Filter>
    </ClCompile>
    <ClCompile Include="SwapChain.cpp">
      <Filter>Engine\GraphicsEngine</Filter>
    </ClCompile>
    <ClCompile Include="DeviceContext.cpp">
      <Filter>Engine\GraphicsEngine\DeviceContext</Filter>
    </ClCompile>
    <ClCompile Include="VertexBuffer.cpp">
      <Filter>Engine\GraphicsEngine\VertexBuffer</Filter>
    </ClCompile>
    <ClCompile Include="Quad.cpp" />
    <ClCompile Include="Vec3.cpp">
      <Filter>Structs</Filter>
    </ClCompile>
    <ClCompile Include="Vertex.cpp">
      <Filter>Structs</Filter>
    </ClCompile>
  </ItemGroup>
  <ItemGroup>
    <ClInclude Include="AppWindow.h">
      <Filter>App</Filter>
    </ClInclude>
    <ClInclude Include="Window.h">
      <Filter>Engine\WindowSystem</Filter>
    </ClInclude>
    <ClInclude Include="GraphicsEngine.h">
      <Filter>Engine\GraphicsEngine</Filter>
    </ClInclude>
    <ClInclude Include="SwapChain.h">
      <Filter>Engine\GraphicsEngine</Filter>
    </ClInclude>
    <ClInclude Include="DeviceContext.h">
      <Filter>Engine\GraphicsEngine\DeviceContext</Filter>
    </ClInclude>
    <ClInclude Include="VertexBuffer.h">
      <Filter>Engine\GraphicsEngine\VertexBuffer</Filter>
    </ClInclude>
    <ClInclude Include="Quad.h" />
    <ClInclude Include="Vertex.h">
      <Filter>Structs</Filter>
    </ClInclude>
    <ClInclude Include="Vec3.h">
      <Filter>Structs</Filter>
    </ClInclude>
  </ItemGroup>
</Project>